{
  "originHash" : "26e64dfa8be48def8e4b84de1d64caf922d830f825a7c0cb945835ac86491762",
  "pins" : [
    {
      "identity" : "liveview-client-swiftui",
      "kind" : "remoteSourceControl",
      "location" : "https://github.com/liveview-native/liveview-client-swiftui",
      "state" : {
        "revision" : "94676fce9fdfabc6b24fdf942ef874cdaac8ed5e",
        "version" : "0.4.0-rc.0"
      }
    },
    {
      "identity" : "liveview-native-core",
      "kind" : "remoteSourceControl",
      "location" : "https://github.com/liveview-native/liveview-native-core",
      "state" : {
        "revision" : "369503f39d7f257ac3361a1b7104ab14015c721c",
        "version" : "0.4.0"
      }
    },
    {
      "identity" : "liveview-native-live-form",
      "kind" : "remoteSourceControl",
      "location" : "https://github.com/liveview-native/liveview-native-live-form",
      "state" : {
        "revision" : "9e61b02906353bac563bf842f8ca8ab8441117d0",
        "version" : "0.4.0-rc.0"
      }
    },
    {
      "identity" : "liveview-native-swiftui-avkit",
      "kind" : "remoteSourceControl",
      "location" : "https://github.com/liveview-native/liveview-native-swiftui-avkit",
      "state" : {
        "revision" : "a4c8757dfc644bc42ed001927edb0995ee93f8e9",
        "version" : "0.4.0-rc.0"
      }
    },
    {
      "identity" : "liveview-native-swiftui-charts",
      "kind" : "remoteSourceControl",
      "location" : "https://github.com/liveview-native/liveview-native-swiftui-charts",
      "state" : {
        "revision" : "dcef3897d0178eb43634b86dc8b20cc6f918582d",
        "version" : "0.4.0-rc.0"
      }
    },
    {
      "identity" : "liveview-native-swiftui-mapkit",
      "kind" : "remoteSourceControl",
      "location" : "https://github.com/liveview-native/liveview-native-swiftui-mapkit",
      "state" : {
        "revision" : "659eaa48cc41c64f3562698d1d337a5db72c307f",
        "version" : "0.4.0-rc.0"
      }
    },
    {
      "identity" : "liveview-native-swiftui-photokit",
      "kind" : "remoteSourceControl",
      "location" : "https://github.com/liveview-native/liveview-native-swiftui-photokit",
      "state" : {
        "revision" : "358e31c63d06093a32e885657060c0d8e21e1141",
        "version" : "0.1.0-rc.0"
      }
    },
    {
      "identity" : "swift-argument-parser",
      "kind" : "remoteSourceControl",
      "location" : "https://github.com/apple/swift-argument-parser",
      "state" : {
        "revision" : "41982a3656a71c768319979febd796c6fd111d5c",
        "version" : "1.5.0"
      }
    },
    {
      "identity" : "swift-async-algorithms",
      "kind" : "remoteSourceControl",
      "location" : "https://github.com/apple/swift-async-algorithms",
      "state" : {
        "revision" : "4c3ea81f81f0a25d0470188459c6d4bf20cf2f97",
        "version" : "1.0.3"
      }
    },
    {
      "identity" : "swift-case-paths",
      "kind" : "remoteSourceControl",
      "location" : "https://github.com/pointfreeco/swift-case-paths",
      "state" : {
        "revision" : "bc92c4b27f9a84bfb498cdbfdf35d5a357e9161f",
        "version" : "1.5.6"
      }
    },
    {
      "identity" : "swift-collections",
      "kind" : "remoteSourceControl",
      "location" : "https://github.com/apple/swift-collections.git",
      "state" : {
        "revision" : "671108c96644956dddcd89dd59c203dcdb36cec7",
        "version" : "1.1.4"
      }
    },
    {
      "identity" : "swift-parsing",
      "kind" : "remoteSourceControl",
      "location" : "https://github.com/pointfreeco/swift-parsing",
      "state" : {
        "revision" : "a0e7d73f462c1c38c59dc40a3969ac40cea42950",
        "version" : "0.13.0"
      }
    },
    {
      "identity" : "swift-syntax",
      "kind" : "remoteSourceControl",
      "location" : "https://github.com/swiftlang/swift-syntax.git",
      "state" : {
        "revision" : "0687f71944021d616d34d922343dcef086855920",
        "version" : "600.0.1"
      }
    },
    {
      "identity" : "xctest-dynamic-overlay",
      "kind" : "remoteSourceControl",
      "location" : "https://github.com/pointfreeco/xctest-dynamic-overlay",
      "state" : {
        "revision" : "a3f634d1a409c7979cabc0a71b3f26ffa9fc8af1",
        "version" : "1.4.3"
      }
    }
  ],
  "version" : 3
}
