// !$*UTF8*$!
{
	archiveVersion = 1;
	classes = {
	};
	objectVersion = 56;
	objects = {

/* Begin PBXBuildFile section */
		000C92712BB30EDD00E553D4 /* LiveViewNativeGoApp.swift in Sources */ = {isa = PBXBuildFile; fileRef = 000C92702BB30EDD00E553D4 /* LiveViewNativeGoApp.swift */; };
		000C92732BB30EDD00E553D4 /* ContentView.swift in Sources */ = {isa = PBXBuildFile; fileRef = 000C92722BB30EDD00E553D4 /* ContentView.swift */; };
		000C92752BB30EDF00E553D4 /* Assets.xcassets in Resources */ = {isa = PBXBuildFile; fileRef = 000C92742BB30EDF00E553D4 /* Assets.xcassets */; };
		000C92792BB30EDF00E553D4 /* Preview Assets.xcassets in Resources */ = {isa = PBXBuildFile; fileRef = 000C92782BB30EDF00E553D4 /* Preview Assets.xcassets */; };
		000C92812BB30FC600E553D4 /* AppsScreen.swift in Sources */ = {isa = PBXBuildFile; fileRef = 000C92802BB30FC600E553D4 /* AppsScreen.swift */; };
		000C92832BB3146800E553D4 /* SettingsScreen.swift in Sources */ = {isa = PBXBuildFile; fileRef = 000C92822BB3146800E553D4 /* SettingsScreen.swift */; };
		000C92862BB3150F00E553D4 /* Settings.swift in Sources */ = {isa = PBXBuildFile; fileRef = 000C92852BB3150F00E553D4 /* Settings.swift */; };
		00242ED92C6E513000CC972C /* LiveViewNativeGoAppClipApp.swift in Sources */ = {isa = PBXBuildFile; fileRef = 00242ED82C6E513000CC972C /* LiveViewNativeGoAppClipApp.swift */; };
		00242EDD2C6E513100CC972C /* Assets.xcassets in Resources */ = {isa = PBXBuildFile; fileRef = 00242EDC2C6E513100CC972C /* Assets.xcassets */; };
		00242EE02C6E513100CC972C /* Preview Assets.xcassets in Resources */ = {isa = PBXBuildFile; fileRef = 00242EDF2C6E513100CC972C /* Preview Assets.xcassets */; };
		00242EE52C6E513100CC972C /* LiveViewNativeGoAppClip.app in Embed App Clips */ = {isa = PBXBuildFile; fileRef = 00242ED62C6E513000CC972C /* LiveViewNativeGoAppClip.app */; platformFilter = ios; settings = {ATTRIBUTES = (RemoveHeadersOnCopy, ); }; };
		00242EE92C6E515200CC972C /* AppsScreen.swift in Sources */ = {isa = PBXBuildFile; fileRef = 000C92802BB30FC600E553D4 /* AppsScreen.swift */; };
		00242EEA2C6E515200CC972C /* QuickActionsModifier.swift in Sources */ = {isa = PBXBuildFile; fileRef = 00C48D562C6BAA02002B23FF /* QuickActionsModifier.swift */; };
		00242EEB2C6E515200CC972C /* ContentView.swift in Sources */ = {isa = PBXBuildFile; fileRef = 000C92722BB30EDD00E553D4 /* ContentView.swift */; };
		00242EEC2C6E515200CC972C /* QuickActionsCommands.swift in Sources */ = {isa = PBXBuildFile; fileRef = 00C48D582C6BAA18002B23FF /* QuickActionsCommands.swift */; };
		00242EED2C6E515200CC972C /* SettingsScreen.swift in Sources */ = {isa = PBXBuildFile; fileRef = 000C92822BB3146800E553D4 /* SettingsScreen.swift */; };
		00242EEE2C6E515200CC972C /* ErrorView.swift in Sources */ = {isa = PBXBuildFile; fileRef = 00C48D4E2C656C47002B23FF /* ErrorView.swift */; };
		00242EEF2C6E515200CC972C /* Constants.swift in Sources */ = {isa = PBXBuildFile; fileRef = 00CB96392C62988300ADBF08 /* Constants.swift */; };
		00242EF02C6E515200CC972C /* ShakeGesture.swift in Sources */ = {isa = PBXBuildFile; fileRef = 00ABCC442BED72B80039E1CE /* ShakeGesture.swift */; };
		00242EF12C6E515200CC972C /* DisconnectedView.swift in Sources */ = {isa = PBXBuildFile; fileRef = 00C48D502C656C60002B23FF /* DisconnectedView.swift */; };
		00242EF22C6E515200CC972C /* ReconnectingView.swift in Sources */ = {isa = PBXBuildFile; fileRef = 00C48D522C656C7B002B23FF /* ReconnectingView.swift */; };
		00242EF32C6E515200CC972C /* Settings.swift in Sources */ = {isa = PBXBuildFile; fileRef = 000C92852BB3150F00E553D4 /* Settings.swift */; };
		00242EF42C6E515200CC972C /* DataScannerView.swift in Sources */ = {isa = PBXBuildFile; fileRef = 00ABCC472BF395170039E1CE /* DataScannerView.swift */; };
		00242EF52C6E515200CC972C /* ConnectingView.swift in Sources */ = {isa = PBXBuildFile; fileRef = 00C48D542C656CAD002B23FF /* ConnectingView.swift */; };
		00242EF82C6E516500CC972C /* LiveViewNativeAVKit in Frameworks */ = {isa = PBXBuildFile; productRef = 00242EF72C6E516500CC972C /* LiveViewNativeAVKit */; };
		00242EFA2C6E516500CC972C /* LiveViewNative in Frameworks */ = {isa = PBXBuildFile; productRef = 00242EF92C6E516500CC972C /* LiveViewNative */; };
		00242EFC2C6E516500CC972C /* LiveViewNativeMapKit in Frameworks */ = {isa = PBXBuildFile; productRef = 00242EFB2C6E516500CC972C /* LiveViewNativeMapKit */; };
		00242EFE2C6E516500CC972C /* LiveViewNativeCharts in Frameworks */ = {isa = PBXBuildFile; productRef = 00242EFD2C6E516500CC972C /* LiveViewNativeCharts */; };
		00242F002C6E516500CC972C /* LiveViewNativeLiveForm in Frameworks */ = {isa = PBXBuildFile; productRef = 00242EFF2C6E516500CC972C /* LiveViewNativeLiveForm */; };
		00ABCC452BED72B80039E1CE /* ShakeGesture.swift in Sources */ = {isa = PBXBuildFile; fileRef = 00ABCC442BED72B80039E1CE /* ShakeGesture.swift */; };
		00ABCC482BF395170039E1CE /* DataScannerView.swift in Sources */ = {isa = PBXBuildFile; fileRef = 00ABCC472BF395170039E1CE /* DataScannerView.swift */; };
		00C48D4F2C656C47002B23FF /* ErrorView.swift in Sources */ = {isa = PBXBuildFile; fileRef = 00C48D4E2C656C47002B23FF /* ErrorView.swift */; };
		00C48D512C656C60002B23FF /* DisconnectedView.swift in Sources */ = {isa = PBXBuildFile; fileRef = 00C48D502C656C60002B23FF /* DisconnectedView.swift */; };
		00C48D532C656C7B002B23FF /* ReconnectingView.swift in Sources */ = {isa = PBXBuildFile; fileRef = 00C48D522C656C7B002B23FF /* ReconnectingView.swift */; };
		00C48D552C656CAD002B23FF /* ConnectingView.swift in Sources */ = {isa = PBXBuildFile; fileRef = 00C48D542C656CAD002B23FF /* ConnectingView.swift */; };
		00C48D572C6BAA02002B23FF /* QuickActionsModifier.swift in Sources */ = {isa = PBXBuildFile; fileRef = 00C48D562C6BAA02002B23FF /* QuickActionsModifier.swift */; };
		00C48D592C6BAA18002B23FF /* QuickActionsCommands.swift in Sources */ = {isa = PBXBuildFile; fileRef = 00C48D582C6BAA18002B23FF /* QuickActionsCommands.swift */; };
		00C48D5D2C6BBA58002B23FF /* LiveViewNativeLiveForm in Frameworks */ = {isa = PBXBuildFile; productRef = 00C48D5C2C6BBA58002B23FF /* LiveViewNativeLiveForm */; };
		00C48D602C6BBA60002B23FF /* LiveViewNativeAVKit in Frameworks */ = {isa = PBXBuildFile; productRef = 00C48D5F2C6BBA60002B23FF /* LiveViewNativeAVKit */; };
		00C48D622C6BBA60002B23FF /* LiveViewNative in Frameworks */ = {isa = PBXBuildFile; productRef = 00C48D612C6BBA60002B23FF /* LiveViewNative */; };
		00C48D642C6BBA60002B23FF /* LiveViewNativeMapKit in Frameworks */ = {isa = PBXBuildFile; productRef = 00C48D632C6BBA60002B23FF /* LiveViewNativeMapKit */; };
		00C48D662C6BBA60002B23FF /* LiveViewNativeCharts in Frameworks */ = {isa = PBXBuildFile; productRef = 00C48D652C6BBA60002B23FF /* LiveViewNativeCharts */; };
		00CB963A2C62988300ADBF08 /* Constants.swift in Sources */ = {isa = PBXBuildFile; fileRef = 00CB96392C62988300ADBF08 /* Constants.swift */; };
/* End PBXBuildFile section */

/* Begin PBXContainerItemProxy section */
		00242EE32C6E513100CC972C /* PBXContainerItemProxy */ = {
			isa = PBXContainerItemProxy;
			containerPortal = 000C92652BB30EDD00E553D4 /* Project object */;
			proxyType = 1;
			remoteGlobalIDString = 00242ED52C6E513000CC972C;
			remoteInfo = LiveViewNativeGoAppClip;
		};
/* End PBXContainerItemProxy section */

/* Begin PBXCopyFilesBuildPhase section */
		00ABCC392BED5D7A0039E1CE /* Embed App Clips */ = {
			isa = PBXCopyFilesBuildPhase;
			buildActionMask = 2147483647;
			dstPath = "$(CONTENTS_FOLDER_PATH)/AppClips";
			dstSubfolderSpec = 16;
			files = (
				00242EE52C6E513100CC972C /* LiveViewNativeGoAppClip.app in Embed App Clips */,
			);
			name = "Embed App Clips";
			runOnlyForDeploymentPostprocessing = 0;
		};
/* End PBXCopyFilesBuildPhase section */

/* Begin PBXFileReference section */
		000C926D2BB30EDD00E553D4 /* LiveViewNativeGo.app */ = {isa = PBXFileReference; explicitFileType = wrapper.application; includeInIndex = 0; path = LiveViewNativeGo.app; sourceTree = BUILT_PRODUCTS_DIR; };
		000C92702BB30EDD00E553D4 /* LiveViewNativeGoApp.swift */ = {isa = PBXFileReference; lastKnownFileType = sourcecode.swift; path = LiveViewNativeGoApp.swift; sourceTree = "<group>"; };
		000C92722BB30EDD00E553D4 /* ContentView.swift */ = {isa = PBXFileReference; lastKnownFileType = sourcecode.swift; path = ContentView.swift; sourceTree = "<group>"; };
		000C92742BB30EDF00E553D4 /* Assets.xcassets */ = {isa = PBXFileReference; lastKnownFileType = folder.assetcatalog; path = Assets.xcassets; sourceTree = "<group>"; };
		000C92762BB30EDF00E553D4 /* LiveViewNativeGo.entitlements */ = {isa = PBXFileReference; lastKnownFileType = text.plist.entitlements; path = LiveViewNativeGo.entitlements; sourceTree = "<group>"; };
		000C92782BB30EDF00E553D4 /* Preview Assets.xcassets */ = {isa = PBXFileReference; lastKnownFileType = folder.assetcatalog; path = "Preview Assets.xcassets"; sourceTree = "<group>"; };
		000C92802BB30FC600E553D4 /* AppsScreen.swift */ = {isa = PBXFileReference; lastKnownFileType = sourcecode.swift; path = AppsScreen.swift; sourceTree = "<group>"; };
		000C92822BB3146800E553D4 /* SettingsScreen.swift */ = {isa = PBXFileReference; lastKnownFileType = sourcecode.swift; path = SettingsScreen.swift; sourceTree = "<group>"; };
		000C92852BB3150F00E553D4 /* Settings.swift */ = {isa = PBXFileReference; lastKnownFileType = sourcecode.swift; path = Settings.swift; sourceTree = "<group>"; };
		00242ED62C6E513000CC972C /* LiveViewNativeGoAppClip.app */ = {isa = PBXFileReference; explicitFileType = wrapper.application; includeInIndex = 0; path = LiveViewNativeGoAppClip.app; sourceTree = BUILT_PRODUCTS_DIR; };
		00242ED82C6E513000CC972C /* LiveViewNativeGoAppClipApp.swift */ = {isa = PBXFileReference; lastKnownFileType = sourcecode.swift; path = LiveViewNativeGoAppClipApp.swift; sourceTree = "<group>"; };
		00242EDC2C6E513100CC972C /* Assets.xcassets */ = {isa = PBXFileReference; lastKnownFileType = folder.assetcatalog; path = Assets.xcassets; sourceTree = "<group>"; };
		00242EDF2C6E513100CC972C /* Preview Assets.xcassets */ = {isa = PBXFileReference; lastKnownFileType = folder.assetcatalog; path = "Preview Assets.xcassets"; sourceTree = "<group>"; };
		00242EE12C6E513100CC972C /* Info.plist */ = {isa = PBXFileReference; lastKnownFileType = text.plist.xml; path = Info.plist; sourceTree = "<group>"; };
		00242EE22C6E513100CC972C /* LiveViewNativeGoAppClip.entitlements */ = {isa = PBXFileReference; lastKnownFileType = text.plist.entitlements; path = LiveViewNativeGoAppClip.entitlements; sourceTree = "<group>"; };
		00ABCC442BED72B80039E1CE /* ShakeGesture.swift */ = {isa = PBXFileReference; lastKnownFileType = sourcecode.swift; path = ShakeGesture.swift; sourceTree = "<group>"; };
		00ABCC472BF395170039E1CE /* DataScannerView.swift */ = {isa = PBXFileReference; lastKnownFileType = sourcecode.swift; path = DataScannerView.swift; sourceTree = "<group>"; };
		00C48D4E2C656C47002B23FF /* ErrorView.swift */ = {isa = PBXFileReference; lastKnownFileType = sourcecode.swift; path = ErrorView.swift; sourceTree = "<group>"; };
		00C48D502C656C60002B23FF /* DisconnectedView.swift */ = {isa = PBXFileReference; lastKnownFileType = sourcecode.swift; path = DisconnectedView.swift; sourceTree = "<group>"; };
		00C48D522C656C7B002B23FF /* ReconnectingView.swift */ = {isa = PBXFileReference; lastKnownFileType = sourcecode.swift; path = ReconnectingView.swift; sourceTree = "<group>"; };
		00C48D542C656CAD002B23FF /* ConnectingView.swift */ = {isa = PBXFileReference; lastKnownFileType = sourcecode.swift; path = ConnectingView.swift; sourceTree = "<group>"; };
		00C48D562C6BAA02002B23FF /* QuickActionsModifier.swift */ = {isa = PBXFileReference; lastKnownFileType = sourcecode.swift; path = QuickActionsModifier.swift; sourceTree = "<group>"; };
		00C48D582C6BAA18002B23FF /* QuickActionsCommands.swift */ = {isa = PBXFileReference; lastKnownFileType = sourcecode.swift; path = QuickActionsCommands.swift; sourceTree = "<group>"; };
		00CB96392C62988300ADBF08 /* Constants.swift */ = {isa = PBXFileReference; lastKnownFileType = sourcecode.swift; path = Constants.swift; sourceTree = "<group>"; };
		00CB96412C62BD3100ADBF08 /* Info.plist */ = {isa = PBXFileReference; lastKnownFileType = text.plist; path = Info.plist; sourceTree = "<group>"; };
/* End PBXFileReference section */

/* Begin PBXFrameworksBuildPhase section */
		000C926A2BB30EDD00E553D4 /* Frameworks */ = {
			isa = PBXFrameworksBuildPhase;
			buildActionMask = 2147483647;
			files = (
				00C48D642C6BBA60002B23FF /* LiveViewNativeMapKit in Frameworks */,
				00C48D622C6BBA60002B23FF /* LiveViewNative in Frameworks */,
				00C48D602C6BBA60002B23FF /* LiveViewNativeAVKit in Frameworks */,
				00C48D5D2C6BBA58002B23FF /* LiveViewNativeLiveForm in Frameworks */,
				00C48D662C6BBA60002B23FF /* LiveViewNativeCharts in Frameworks */,
			);
			runOnlyForDeploymentPostprocessing = 0;
		};
		00242ED32C6E513000CC972C /* Frameworks */ = {
			isa = PBXFrameworksBuildPhase;
			buildActionMask = 2147483647;
			files = (
				00242EFC2C6E516500CC972C /* LiveViewNativeMapKit in Frameworks */,
				00242EFA2C6E516500CC972C /* LiveViewNative in Frameworks */,
				00242EF82C6E516500CC972C /* LiveViewNativeAVKit in Frameworks */,
				00242EFE2C6E516500CC972C /* LiveViewNativeCharts in Frameworks */,
				00242F002C6E516500CC972C /* LiveViewNativeLiveForm in Frameworks */,
			);
			runOnlyForDeploymentPostprocessing = 0;
		};
/* End PBXFrameworksBuildPhase section */

/* Begin PBXGroup section */
		000C92642BB30EDD00E553D4 = {
			isa = PBXGroup;
			children = (
				000C926F2BB30EDD00E553D4 /* LiveViewNativeGo */,
				00242ED72C6E513000CC972C /* LiveViewNativeGoAppClip */,
				000C926E2BB30EDD00E553D4 /* Products */,
				00242EF62C6E516500CC972C /* Frameworks */,
			);
			sourceTree = "<group>";
		};
		000C926E2BB30EDD00E553D4 /* Products */ = {
			isa = PBXGroup;
			children = (
				000C926D2BB30EDD00E553D4 /* LiveViewNativeGo.app */,
				00242ED62C6E513000CC972C /* LiveViewNativeGoAppClip.app */,
			);
			name = Products;
			sourceTree = "<group>";
		};
		000C926F2BB30EDD00E553D4 /* LiveViewNativeGo */ = {
			isa = PBXGroup;
			children = (
				00CB96412C62BD3100ADBF08 /* Info.plist */,
				000C92702BB30EDD00E553D4 /* LiveViewNativeGoApp.swift */,
				000C92722BB30EDD00E553D4 /* ContentView.swift */,
				000C92842BB3150400E553D4 /* Model */,
				000C927F2BB30FB000E553D4 /* Screens */,
				00ABCC432BED72AF0039E1CE /* Helpers */,
				00C48D4D2C656C3B002B23FF /* Phase Views */,
				000C92742BB30EDF00E553D4 /* Assets.xcassets */,
				000C92762BB30EDF00E553D4 /* LiveViewNativeGo.entitlements */,
				000C92772BB30EDF00E553D4 /* Preview Content */,
			);
			path = LiveViewNativeGo;
			sourceTree = "<group>";
		};
		000C92772BB30EDF00E553D4 /* Preview Content */ = {
			isa = PBXGroup;
			children = (
				000C92782BB30EDF00E553D4 /* Preview Assets.xcassets */,
			);
			path = "Preview Content";
			sourceTree = "<group>";
		};
		000C927F2BB30FB000E553D4 /* Screens */ = {
			isa = PBXGroup;
			children = (
				000C92802BB30FC600E553D4 /* AppsScreen.swift */,
				000C92822BB3146800E553D4 /* SettingsScreen.swift */,
			);
			path = Screens;
			sourceTree = "<group>";
		};
		000C92842BB3150400E553D4 /* Model */ = {
			isa = PBXGroup;
			children = (
				000C92852BB3150F00E553D4 /* Settings.swift */,
			);
			path = Model;
			sourceTree = "<group>";
		};
		00242ED72C6E513000CC972C /* LiveViewNativeGoAppClip */ = {
			isa = PBXGroup;
			children = (
				00242ED82C6E513000CC972C /* LiveViewNativeGoAppClipApp.swift */,
				00242EDC2C6E513100CC972C /* Assets.xcassets */,
				00242EE12C6E513100CC972C /* Info.plist */,
				00242EE22C6E513100CC972C /* LiveViewNativeGoAppClip.entitlements */,
				00242EDE2C6E513100CC972C /* Preview Content */,
			);
			path = LiveViewNativeGoAppClip;
			sourceTree = "<group>";
		};
		00242EDE2C6E513100CC972C /* Preview Content */ = {
			isa = PBXGroup;
			children = (
				00242EDF2C6E513100CC972C /* Preview Assets.xcassets */,
			);
			path = "Preview Content";
			sourceTree = "<group>";
		};
		00242EF62C6E516500CC972C /* Frameworks */ = {
			isa = PBXGroup;
			children = (
			);
			name = Frameworks;
			sourceTree = "<group>";
		};
		00ABCC432BED72AF0039E1CE /* Helpers */ = {
			isa = PBXGroup;
			children = (
				00C48D5A2C6BAAAE002B23FF /* QuickActions */,
				00ABCC472BF395170039E1CE /* DataScannerView.swift */,
				00ABCC442BED72B80039E1CE /* ShakeGesture.swift */,
				00CB96392C62988300ADBF08 /* Constants.swift */,
			);
			path = Helpers;
			sourceTree = "<group>";
		};
		00C48D4D2C656C3B002B23FF /* Phase Views */ = {
			isa = PBXGroup;
			children = (
				00C48D542C656CAD002B23FF /* ConnectingView.swift */,
				00C48D502C656C60002B23FF /* DisconnectedView.swift */,
				00C48D4E2C656C47002B23FF /* ErrorView.swift */,
				00C48D522C656C7B002B23FF /* ReconnectingView.swift */,
			);
			path = "Phase Views";
			sourceTree = "<group>";
		};
		00C48D5A2C6BAAAE002B23FF /* QuickActions */ = {
			isa = PBXGroup;
			children = (
				00C48D562C6BAA02002B23FF /* QuickActionsModifier.swift */,
				00C48D582C6BAA18002B23FF /* QuickActionsCommands.swift */,
			);
			path = QuickActions;
			sourceTree = "<group>";
		};
/* End PBXGroup section */

/* Begin PBXNativeTarget section */
		000C926C2BB30EDD00E553D4 /* LiveViewNativeGo */ = {
			isa = PBXNativeTarget;
			buildConfigurationList = 000C927C2BB30EDF00E553D4 /* Build configuration list for PBXNativeTarget "LiveViewNativeGo" */;
			buildPhases = (
				000C92692BB30EDD00E553D4 /* Sources */,
				000C926A2BB30EDD00E553D4 /* Frameworks */,
				000C926B2BB30EDD00E553D4 /* Resources */,
				00ABCC392BED5D7A0039E1CE /* Embed App Clips */,
			);
			buildRules = (
			);
			dependencies = (
				00242EE42C6E513100CC972C /* PBXTargetDependency */,
			);
			name = LiveViewNativeGo;
			packageProductDependencies = (
				00C48D5C2C6BBA58002B23FF /* LiveViewNativeLiveForm */,
				00C48D5F2C6BBA60002B23FF /* LiveViewNativeAVKit */,
				00C48D612C6BBA60002B23FF /* LiveViewNative */,
				00C48D632C6BBA60002B23FF /* LiveViewNativeMapKit */,
				00C48D652C6BBA60002B23FF /* LiveViewNativeCharts */,
			);
			productName = LiveViewNativeGo;
			productReference = 000C926D2BB30EDD00E553D4 /* LiveViewNativeGo.app */;
			productType = "com.apple.product-type.application";
		};
		00242ED52C6E513000CC972C /* LiveViewNativeGoAppClip */ = {
			isa = PBXNativeTarget;
			buildConfigurationList = 00242EE62C6E513100CC972C /* Build configuration list for PBXNativeTarget "LiveViewNativeGoAppClip" */;
			buildPhases = (
				00242ED22C6E513000CC972C /* Sources */,
				00242ED32C6E513000CC972C /* Frameworks */,
				00242ED42C6E513000CC972C /* Resources */,
			);
			buildRules = (
			);
			dependencies = (
			);
			name = LiveViewNativeGoAppClip;
			packageProductDependencies = (
				00242EF72C6E516500CC972C /* LiveViewNativeAVKit */,
				00242EF92C6E516500CC972C /* LiveViewNative */,
				00242EFB2C6E516500CC972C /* LiveViewNativeMapKit */,
				00242EFD2C6E516500CC972C /* LiveViewNativeCharts */,
				00242EFF2C6E516500CC972C /* LiveViewNativeLiveForm */,
			);
			productName = LiveViewNativeGoAppClip;
			productReference = 00242ED62C6E513000CC972C /* LiveViewNativeGoAppClip.app */;
			productType = "com.apple.product-type.application.on-demand-install-capable";
		};
/* End PBXNativeTarget section */

/* Begin PBXProject section */
		000C92652BB30EDD00E553D4 /* Project object */ = {
			isa = PBXProject;
			attributes = {
				BuildIndependentTargetsInParallel = 1;
				LastSwiftUpdateCheck = 1540;
				LastUpgradeCheck = 1520;
				TargetAttributes = {
					000C926C2BB30EDD00E553D4 = {
						CreatedOnToolsVersion = 15.2;
					};
					00242ED52C6E513000CC972C = {
						CreatedOnToolsVersion = 15.4;
					};
				};
			};
			buildConfigurationList = 000C92682BB30EDD00E553D4 /* Build configuration list for PBXProject "LiveViewNativeGo" */;
			compatibilityVersion = "Xcode 14.0";
			developmentRegion = en;
			hasScannedForEncodings = 0;
			knownRegions = (
				en,
				Base,
			);
			mainGroup = 000C92642BB30EDD00E553D4;
			packageReferences = (
				00CB96302C62886500ADBF08 /* XCRemoteSwiftPackageReference "liveview-native-swiftui-avkit" */,
				00C48D422C65599B002B23FF /* XCRemoteSwiftPackageReference "liveview-client-swiftui" */,
				00C48D472C6559AA002B23FF /* XCRemoteSwiftPackageReference "liveview-native-swiftui-mapkit" */,
				00C48D4A2C6559BF002B23FF /* XCRemoteSwiftPackageReference "liveview-native-swiftui-charts" */,
				00C48D5B2C6BBA58002B23FF /* XCRemoteSwiftPackageReference "liveview-native-live-form" */,
			);
			productRefGroup = 000C926E2BB30EDD00E553D4 /* Products */;
			projectDirPath = "";
			projectRoot = "";
			targets = (
				000C926C2BB30EDD00E553D4 /* LiveViewNativeGo */,
				00242ED52C6E513000CC972C /* LiveViewNativeGoAppClip */,
			);
		};
/* End PBXProject section */

/* Begin PBXResourcesBuildPhase section */
		000C926B2BB30EDD00E553D4 /* Resources */ = {
			isa = PBXResourcesBuildPhase;
			buildActionMask = 2147483647;
			files = (
				000C92792BB30EDF00E553D4 /* Preview Assets.xcassets in Resources */,
				000C92752BB30EDF00E553D4 /* Assets.xcassets in Resources */,
			);
			runOnlyForDeploymentPostprocessing = 0;
		};
		00242ED42C6E513000CC972C /* Resources */ = {
			isa = PBXResourcesBuildPhase;
			buildActionMask = 2147483647;
			files = (
				00242EE02C6E513100CC972C /* Preview Assets.xcassets in Resources */,
				00242EDD2C6E513100CC972C /* Assets.xcassets in Resources */,
			);
			runOnlyForDeploymentPostprocessing = 0;
		};
/* End PBXResourcesBuildPhase section */

/* Begin PBXSourcesBuildPhase section */
		000C92692BB30EDD00E553D4 /* Sources */ = {
			isa = PBXSourcesBuildPhase;
			buildActionMask = 2147483647;
			files = (
				000C92812BB30FC600E553D4 /* AppsScreen.swift in Sources */,
				00C48D592C6BAA18002B23FF /* QuickActionsCommands.swift in Sources */,
				000C92732BB30EDD00E553D4 /* ContentView.swift in Sources */,
				00C48D552C656CAD002B23FF /* ConnectingView.swift in Sources */,
				00ABCC452BED72B80039E1CE /* ShakeGesture.swift in Sources */,
				00C48D572C6BAA02002B23FF /* QuickActionsModifier.swift in Sources */,
				000C92832BB3146800E553D4 /* SettingsScreen.swift in Sources */,
				000C92712BB30EDD00E553D4 /* LiveViewNativeGoApp.swift in Sources */,
				000C92862BB3150F00E553D4 /* Settings.swift in Sources */,
				00ABCC482BF395170039E1CE /* DataScannerView.swift in Sources */,
				00C48D532C656C7B002B23FF /* ReconnectingView.swift in Sources */,
				00C48D4F2C656C47002B23FF /* ErrorView.swift in Sources */,
				00CB963A2C62988300ADBF08 /* Constants.swift in Sources */,
				00C48D512C656C60002B23FF /* DisconnectedView.swift in Sources */,
			);
			runOnlyForDeploymentPostprocessing = 0;
		};
		00242ED22C6E513000CC972C /* Sources */ = {
			isa = PBXSourcesBuildPhase;
			buildActionMask = 2147483647;
			files = (
				00242ED92C6E513000CC972C /* LiveViewNativeGoAppClipApp.swift in Sources */,
				00242EE92C6E515200CC972C /* AppsScreen.swift in Sources */,
				00242EEA2C6E515200CC972C /* QuickActionsModifier.swift in Sources */,
				00242EEB2C6E515200CC972C /* ContentView.swift in Sources */,
				00242EEC2C6E515200CC972C /* QuickActionsCommands.swift in Sources */,
				00242EED2C6E515200CC972C /* SettingsScreen.swift in Sources */,
				00242EEE2C6E515200CC972C /* ErrorView.swift in Sources */,
				00242EEF2C6E515200CC972C /* Constants.swift in Sources */,
				00242EF02C6E515200CC972C /* ShakeGesture.swift in Sources */,
				00242EF12C6E515200CC972C /* DisconnectedView.swift in Sources */,
				00242EF22C6E515200CC972C /* ReconnectingView.swift in Sources */,
				00242EF32C6E515200CC972C /* Settings.swift in Sources */,
				00242EF42C6E515200CC972C /* DataScannerView.swift in Sources */,
				00242EF52C6E515200CC972C /* ConnectingView.swift in Sources */,
			);
			runOnlyForDeploymentPostprocessing = 0;
		};
/* End PBXSourcesBuildPhase section */

/* Begin PBXTargetDependency section */
		00242EE42C6E513100CC972C /* PBXTargetDependency */ = {
			isa = PBXTargetDependency;
			platformFilter = ios;
			target = 00242ED52C6E513000CC972C /* LiveViewNativeGoAppClip */;
			targetProxy = 00242EE32C6E513100CC972C /* PBXContainerItemProxy */;
		};
/* End PBXTargetDependency section */

/* Begin XCBuildConfiguration section */
		000C927A2BB30EDF00E553D4 /* Debug */ = {
			isa = XCBuildConfiguration;
			buildSettings = {
				ALWAYS_SEARCH_USER_PATHS = NO;
				ASSETCATALOG_COMPILER_GENERATE_SWIFT_ASSET_SYMBOL_EXTENSIONS = YES;
				CLANG_ANALYZER_NONNULL = YES;
				CLANG_ANALYZER_NUMBER_OBJECT_CONVERSION = YES_AGGRESSIVE;
				CLANG_CXX_LANGUAGE_STANDARD = "gnu++20";
				CLANG_ENABLE_MODULES = YES;
				CLANG_ENABLE_OBJC_ARC = YES;
				CLANG_ENABLE_OBJC_WEAK = YES;
				CLANG_WARN_BLOCK_CAPTURE_AUTORELEASING = YES;
				CLANG_WARN_BOOL_CONVERSION = YES;
				CLANG_WARN_COMMA = YES;
				CLANG_WARN_CONSTANT_CONVERSION = YES;
				CLANG_WARN_DEPRECATED_OBJC_IMPLEMENTATIONS = YES;
				CLANG_WARN_DIRECT_OBJC_ISA_USAGE = YES_ERROR;
				CLANG_WARN_DOCUMENTATION_COMMENTS = YES;
				CLANG_WARN_EMPTY_BODY = YES;
				CLANG_WARN_ENUM_CONVERSION = YES;
				CLANG_WARN_INFINITE_RECURSION = YES;
				CLANG_WARN_INT_CONVERSION = YES;
				CLANG_WARN_NON_LITERAL_NULL_CONVERSION = YES;
				CLANG_WARN_OBJC_IMPLICIT_RETAIN_SELF = YES;
				CLANG_WARN_OBJC_LITERAL_CONVERSION = YES;
				CLANG_WARN_OBJC_ROOT_CLASS = YES_ERROR;
				CLANG_WARN_QUOTED_INCLUDE_IN_FRAMEWORK_HEADER = YES;
				CLANG_WARN_RANGE_LOOP_ANALYSIS = YES;
				CLANG_WARN_STRICT_PROTOTYPES = YES;
				CLANG_WARN_SUSPICIOUS_MOVE = YES;
				CLANG_WARN_UNGUARDED_AVAILABILITY = YES_AGGRESSIVE;
				CLANG_WARN_UNREACHABLE_CODE = YES;
				CLANG_WARN__DUPLICATE_METHOD_MATCH = YES;
				COPY_PHASE_STRIP = NO;
				DEBUG_INFORMATION_FORMAT = dwarf;
				ENABLE_STRICT_OBJC_MSGSEND = YES;
				ENABLE_TESTABILITY = YES;
				ENABLE_USER_SCRIPT_SANDBOXING = YES;
				GCC_C_LANGUAGE_STANDARD = gnu17;
				GCC_DYNAMIC_NO_PIC = NO;
				GCC_NO_COMMON_BLOCKS = YES;
				GCC_OPTIMIZATION_LEVEL = 0;
				GCC_PREPROCESSOR_DEFINITIONS = (
					"DEBUG=1",
					"$(inherited)",
				);
				GCC_WARN_64_TO_32_BIT_CONVERSION = YES;
				GCC_WARN_ABOUT_RETURN_TYPE = YES_ERROR;
				GCC_WARN_UNDECLARED_SELECTOR = YES;
				GCC_WARN_UNINITIALIZED_AUTOS = YES_AGGRESSIVE;
				GCC_WARN_UNUSED_FUNCTION = YES;
				GCC_WARN_UNUSED_VARIABLE = YES;
				LOCALIZATION_PREFERS_STRING_CATALOGS = YES;
				MTL_ENABLE_DEBUG_INFO = INCLUDE_SOURCE;
				MTL_FAST_MATH = YES;
				ONLY_ACTIVE_ARCH = YES;
				SWIFT_ACTIVE_COMPILATION_CONDITIONS = "DEBUG $(inherited)";
				SWIFT_OPTIMIZATION_LEVEL = "-Onone";
			};
			name = Debug;
		};
		000C927B2BB30EDF00E553D4 /* Release */ = {
			isa = XCBuildConfiguration;
			buildSettings = {
				ALWAYS_SEARCH_USER_PATHS = NO;
				ASSETCATALOG_COMPILER_GENERATE_SWIFT_ASSET_SYMBOL_EXTENSIONS = YES;
				CLANG_ANALYZER_NONNULL = YES;
				CLANG_ANALYZER_NUMBER_OBJECT_CONVERSION = YES_AGGRESSIVE;
				CLANG_CXX_LANGUAGE_STANDARD = "gnu++20";
				CLANG_ENABLE_MODULES = YES;
				CLANG_ENABLE_OBJC_ARC = YES;
				CLANG_ENABLE_OBJC_WEAK = YES;
				CLANG_WARN_BLOCK_CAPTURE_AUTORELEASING = YES;
				CLANG_WARN_BOOL_CONVERSION = YES;
				CLANG_WARN_COMMA = YES;
				CLANG_WARN_CONSTANT_CONVERSION = YES;
				CLANG_WARN_DEPRECATED_OBJC_IMPLEMENTATIONS = YES;
				CLANG_WARN_DIRECT_OBJC_ISA_USAGE = YES_ERROR;
				CLANG_WARN_DOCUMENTATION_COMMENTS = YES;
				CLANG_WARN_EMPTY_BODY = YES;
				CLANG_WARN_ENUM_CONVERSION = YES;
				CLANG_WARN_INFINITE_RECURSION = YES;
				CLANG_WARN_INT_CONVERSION = YES;
				CLANG_WARN_NON_LITERAL_NULL_CONVERSION = YES;
				CLANG_WARN_OBJC_IMPLICIT_RETAIN_SELF = YES;
				CLANG_WARN_OBJC_LITERAL_CONVERSION = YES;
				CLANG_WARN_OBJC_ROOT_CLASS = YES_ERROR;
				CLANG_WARN_QUOTED_INCLUDE_IN_FRAMEWORK_HEADER = YES;
				CLANG_WARN_RANGE_LOOP_ANALYSIS = YES;
				CLANG_WARN_STRICT_PROTOTYPES = YES;
				CLANG_WARN_SUSPICIOUS_MOVE = YES;
				CLANG_WARN_UNGUARDED_AVAILABILITY = YES_AGGRESSIVE;
				CLANG_WARN_UNREACHABLE_CODE = YES;
				CLANG_WARN__DUPLICATE_METHOD_MATCH = YES;
				COPY_PHASE_STRIP = NO;
				DEBUG_INFORMATION_FORMAT = "dwarf-with-dsym";
				ENABLE_NS_ASSERTIONS = NO;
				ENABLE_STRICT_OBJC_MSGSEND = YES;
				ENABLE_USER_SCRIPT_SANDBOXING = YES;
				GCC_C_LANGUAGE_STANDARD = gnu17;
				GCC_NO_COMMON_BLOCKS = YES;
				GCC_WARN_64_TO_32_BIT_CONVERSION = YES;
				GCC_WARN_ABOUT_RETURN_TYPE = YES_ERROR;
				GCC_WARN_UNDECLARED_SELECTOR = YES;
				GCC_WARN_UNINITIALIZED_AUTOS = YES_AGGRESSIVE;
				GCC_WARN_UNUSED_FUNCTION = YES;
				GCC_WARN_UNUSED_VARIABLE = YES;
				LOCALIZATION_PREFERS_STRING_CATALOGS = YES;
				MTL_ENABLE_DEBUG_INFO = NO;
				MTL_FAST_MATH = YES;
				SWIFT_COMPILATION_MODE = wholemodule;
			};
			name = Release;
		};
		000C927D2BB30EDF00E553D4 /* Debug */ = {
			isa = XCBuildConfiguration;
			buildSettings = {
				ALWAYS_EMBED_SWIFT_STANDARD_LIBRARIES = YES;
				ASSETCATALOG_COMPILER_APPICON_NAME = AppIcon;
				ASSETCATALOG_COMPILER_GLOBAL_ACCENT_COLOR_NAME = AccentColor;
				CODE_SIGN_ENTITLEMENTS = LiveViewNativeGo/LiveViewNativeGo.entitlements;
				CODE_SIGN_STYLE = Automatic;
				CURRENT_PROJECT_VERSION = 1;
				DEVELOPMENT_ASSET_PATHS = "\"LiveViewNativeGo/Preview Content\"";
				DEVELOPMENT_TEAM = 8YF596VCP4;
				ENABLE_PREVIEWS = YES;
				GENERATE_INFOPLIST_FILE = YES;
				INFOPLIST_FILE = LiveViewNativeGo/Info.plist;
				INFOPLIST_KEY_CFBundleDisplayName = "LVN Go";
				INFOPLIST_KEY_LSApplicationCategoryType = "public.app-category.developer-tools";
				INFOPLIST_KEY_NSCameraUsageDescription = "Scan a code to connect to a LiveView";
				"INFOPLIST_KEY_UIApplicationSceneManifest_Generation[sdk=iphoneos*]" = YES;
				"INFOPLIST_KEY_UIApplicationSceneManifest_Generation[sdk=iphonesimulator*]" = YES;
				"INFOPLIST_KEY_UIApplicationSupportsIndirectInputEvents[sdk=iphoneos*]" = YES;
				"INFOPLIST_KEY_UIApplicationSupportsIndirectInputEvents[sdk=iphonesimulator*]" = YES;
				"INFOPLIST_KEY_UILaunchScreen_Generation[sdk=iphoneos*]" = YES;
				"INFOPLIST_KEY_UILaunchScreen_Generation[sdk=iphonesimulator*]" = YES;
				"INFOPLIST_KEY_UIStatusBarStyle[sdk=iphoneos*]" = UIStatusBarStyleDefault;
				"INFOPLIST_KEY_UIStatusBarStyle[sdk=iphonesimulator*]" = UIStatusBarStyleDefault;
				INFOPLIST_KEY_UISupportedInterfaceOrientations_iPad = "UIInterfaceOrientationPortrait UIInterfaceOrientationPortraitUpsideDown UIInterfaceOrientationLandscapeLeft UIInterfaceOrientationLandscapeRight";
				INFOPLIST_KEY_UISupportedInterfaceOrientations_iPhone = "UIInterfaceOrientationPortrait UIInterfaceOrientationLandscapeLeft UIInterfaceOrientationLandscapeRight";
				IPHONEOS_DEPLOYMENT_TARGET = 17.0;
				LD_RUNPATH_SEARCH_PATHS = "@executable_path/Frameworks";
				"LD_RUNPATH_SEARCH_PATHS[sdk=macosx*]" = "@executable_path/../Frameworks";
				MACOSX_DEPLOYMENT_TARGET = 14.0;
				MARKETING_VERSION = 0.3.0;
				PRODUCT_BUNDLE_IDENTIFIER = com.dockyard.LiveViewNativeGo;
				PRODUCT_NAME = "$(TARGET_NAME)";
				SDKROOT = auto;
				SUPPORTED_PLATFORMS = "iphoneos iphonesimulator macosx";
				SUPPORTS_MACCATALYST = NO;
				SWIFT_EMIT_LOC_STRINGS = YES;
				SWIFT_VERSION = 5.0;
				TARGETED_DEVICE_FAMILY = "1,2";
			};
			name = Debug;
		};
		000C927E2BB30EDF00E553D4 /* Release */ = {
			isa = XCBuildConfiguration;
			buildSettings = {
				ALWAYS_EMBED_SWIFT_STANDARD_LIBRARIES = YES;
				ASSETCATALOG_COMPILER_APPICON_NAME = AppIcon;
				ASSETCATALOG_COMPILER_GLOBAL_ACCENT_COLOR_NAME = AccentColor;
				CODE_SIGN_ENTITLEMENTS = LiveViewNativeGo/LiveViewNativeGo.entitlements;
				CODE_SIGN_STYLE = Automatic;
				CURRENT_PROJECT_VERSION = 1;
				DEVELOPMENT_ASSET_PATHS = "\"LiveViewNativeGo/Preview Content\"";
				DEVELOPMENT_TEAM = 8YF596VCP4;
				ENABLE_PREVIEWS = YES;
				GENERATE_INFOPLIST_FILE = YES;
				INFOPLIST_FILE = LiveViewNativeGo/Info.plist;
				INFOPLIST_KEY_CFBundleDisplayName = "LVN Go";
				INFOPLIST_KEY_LSApplicationCategoryType = "public.app-category.developer-tools";
				INFOPLIST_KEY_NSCameraUsageDescription = "Scan a code to connect to a LiveView";
				"INFOPLIST_KEY_UIApplicationSceneManifest_Generation[sdk=iphoneos*]" = YES;
				"INFOPLIST_KEY_UIApplicationSceneManifest_Generation[sdk=iphonesimulator*]" = YES;
				"INFOPLIST_KEY_UIApplicationSupportsIndirectInputEvents[sdk=iphoneos*]" = YES;
				"INFOPLIST_KEY_UIApplicationSupportsIndirectInputEvents[sdk=iphonesimulator*]" = YES;
				"INFOPLIST_KEY_UILaunchScreen_Generation[sdk=iphoneos*]" = YES;
				"INFOPLIST_KEY_UILaunchScreen_Generation[sdk=iphonesimulator*]" = YES;
				"INFOPLIST_KEY_UIStatusBarStyle[sdk=iphoneos*]" = UIStatusBarStyleDefault;
				"INFOPLIST_KEY_UIStatusBarStyle[sdk=iphonesimulator*]" = UIStatusBarStyleDefault;
				INFOPLIST_KEY_UISupportedInterfaceOrientations_iPad = "UIInterfaceOrientationPortrait UIInterfaceOrientationPortraitUpsideDown UIInterfaceOrientationLandscapeLeft UIInterfaceOrientationLandscapeRight";
				INFOPLIST_KEY_UISupportedInterfaceOrientations_iPhone = "UIInterfaceOrientationPortrait UIInterfaceOrientationLandscapeLeft UIInterfaceOrientationLandscapeRight";
				IPHONEOS_DEPLOYMENT_TARGET = 17.0;
				LD_RUNPATH_SEARCH_PATHS = "@executable_path/Frameworks";
				"LD_RUNPATH_SEARCH_PATHS[sdk=macosx*]" = "@executable_path/../Frameworks";
				MACOSX_DEPLOYMENT_TARGET = 14.0;
				MARKETING_VERSION = 0.3.0;
				PRODUCT_BUNDLE_IDENTIFIER = com.dockyard.LiveViewNativeGo;
				PRODUCT_NAME = "$(TARGET_NAME)";
				SDKROOT = auto;
				SUPPORTED_PLATFORMS = "iphoneos iphonesimulator macosx";
				SUPPORTS_MACCATALYST = NO;
				SWIFT_EMIT_LOC_STRINGS = YES;
				SWIFT_VERSION = 5.0;
				TARGETED_DEVICE_FAMILY = "1,2";
			};
			name = Release;
		};
		00242EE72C6E513100CC972C /* Debug */ = {
			isa = XCBuildConfiguration;
			buildSettings = {
				ASSETCATALOG_COMPILER_APPICON_NAME = AppIcon;
				ASSETCATALOG_COMPILER_GLOBAL_ACCENT_COLOR_NAME = AccentColor;
				CODE_SIGN_ENTITLEMENTS = LiveViewNativeGoAppClip/LiveViewNativeGoAppClip.entitlements;
				CODE_SIGN_STYLE = Automatic;
				CURRENT_PROJECT_VERSION = 1;
				DEVELOPMENT_ASSET_PATHS = "\"LiveViewNativeGoAppClip/Preview Content\"";
				DEVELOPMENT_TEAM = 8YF596VCP4;
				ENABLE_PREVIEWS = YES;
				GENERATE_INFOPLIST_FILE = YES;
				INFOPLIST_FILE = LiveViewNativeGoAppClip/Info.plist;
				INFOPLIST_KEY_CFBundleDisplayName = LiveViewNativeGo;
				INFOPLIST_KEY_UIApplicationSceneManifest_Generation = YES;
				INFOPLIST_KEY_UIApplicationSupportsIndirectInputEvents = YES;
				INFOPLIST_KEY_UILaunchScreen_Generation = YES;
				INFOPLIST_KEY_UISupportedInterfaceOrientations_iPad = "UIInterfaceOrientationPortrait UIInterfaceOrientationPortraitUpsideDown UIInterfaceOrientationLandscapeLeft UIInterfaceOrientationLandscapeRight";
				INFOPLIST_KEY_UISupportedInterfaceOrientations_iPhone = "UIInterfaceOrientationPortrait UIInterfaceOrientationLandscapeLeft UIInterfaceOrientationLandscapeRight";
				IPHONEOS_DEPLOYMENT_TARGET = 17.5;
				LD_RUNPATH_SEARCH_PATHS = (
					"$(inherited)",
					"@executable_path/Frameworks",
				);
				MARKETING_VERSION = 1.0;
				PRODUCT_BUNDLE_IDENTIFIER = com.dockyard.LiveViewNativeGo.Clip;
				PRODUCT_NAME = "$(TARGET_NAME)";
				SDKROOT = iphoneos;
				SWIFT_EMIT_LOC_STRINGS = YES;
				SWIFT_VERSION = 5.0;
				TARGETED_DEVICE_FAMILY = "1,2";
			};
			name = Debug;
		};
		00242EE82C6E513100CC972C /* Release */ = {
			isa = XCBuildConfiguration;
			buildSettings = {
				ASSETCATALOG_COMPILER_APPICON_NAME = AppIcon;
				ASSETCATALOG_COMPILER_GLOBAL_ACCENT_COLOR_NAME = AccentColor;
				CODE_SIGN_ENTITLEMENTS = LiveViewNativeGoAppClip/LiveViewNativeGoAppClip.entitlements;
				CODE_SIGN_STYLE = Automatic;
				CURRENT_PROJECT_VERSION = 1;
				DEVELOPMENT_ASSET_PATHS = "\"LiveViewNativeGoAppClip/Preview Content\"";
				DEVELOPMENT_TEAM = 8YF596VCP4;
				ENABLE_PREVIEWS = YES;
				GENERATE_INFOPLIST_FILE = YES;
				INFOPLIST_FILE = LiveViewNativeGoAppClip/Info.plist;
				INFOPLIST_KEY_CFBundleDisplayName = LiveViewNativeGo;
				INFOPLIST_KEY_UIApplicationSceneManifest_Generation = YES;
				INFOPLIST_KEY_UIApplicationSupportsIndirectInputEvents = YES;
				INFOPLIST_KEY_UILaunchScreen_Generation = YES;
				INFOPLIST_KEY_UISupportedInterfaceOrientations_iPad = "UIInterfaceOrientationPortrait UIInterfaceOrientationPortraitUpsideDown UIInterfaceOrientationLandscapeLeft UIInterfaceOrientationLandscapeRight";
				INFOPLIST_KEY_UISupportedInterfaceOrientations_iPhone = "UIInterfaceOrientationPortrait UIInterfaceOrientationLandscapeLeft UIInterfaceOrientationLandscapeRight";
				IPHONEOS_DEPLOYMENT_TARGET = 17.5;
				LD_RUNPATH_SEARCH_PATHS = (
					"$(inherited)",
					"@executable_path/Frameworks",
				);
				MARKETING_VERSION = 1.0;
				PRODUCT_BUNDLE_IDENTIFIER = com.dockyard.LiveViewNativeGo.Clip;
				PRODUCT_NAME = "$(TARGET_NAME)";
				SDKROOT = iphoneos;
				SWIFT_EMIT_LOC_STRINGS = YES;
				SWIFT_VERSION = 5.0;
				TARGETED_DEVICE_FAMILY = "1,2";
				VALIDATE_PRODUCT = YES;
			};
			name = Release;
		};
/* End XCBuildConfiguration section */

/* Begin XCConfigurationList section */
		000C92682BB30EDD00E553D4 /* Build configuration list for PBXProject "LiveViewNativeGo" */ = {
			isa = XCConfigurationList;
			buildConfigurations = (
				000C927A2BB30EDF00E553D4 /* Debug */,
				000C927B2BB30EDF00E553D4 /* Release */,
			);
			defaultConfigurationIsVisible = 0;
			defaultConfigurationName = Release;
		};
		000C927C2BB30EDF00E553D4 /* Build configuration list for PBXNativeTarget "LiveViewNativeGo" */ = {
			isa = XCConfigurationList;
			buildConfigurations = (
				000C927D2BB30EDF00E553D4 /* Debug */,
				000C927E2BB30EDF00E553D4 /* Release */,
			);
			defaultConfigurationIsVisible = 0;
			defaultConfigurationName = Release;
		};
		00242EE62C6E513100CC972C /* Build configuration list for PBXNativeTarget "LiveViewNativeGoAppClip" */ = {
			isa = XCConfigurationList;
			buildConfigurations = (
				00242EE72C6E513100CC972C /* Debug */,
				00242EE82C6E513100CC972C /* Release */,
			);
			defaultConfigurationIsVisible = 0;
			defaultConfigurationName = Release;
		};
/* End XCConfigurationList section */

/* Begin XCRemoteSwiftPackageReference section */
		00C48D422C65599B002B23FF /* XCRemoteSwiftPackageReference "liveview-client-swiftui" */ = {
			isa = XCRemoteSwiftPackageReference;
			repositoryURL = "https://github.com/liveview-native/liveview-client-swiftui/";
			requirement = {
				kind = exactVersion;
				version = 0.3.0;
			};
		};
		00C48D472C6559AA002B23FF /* XCRemoteSwiftPackageReference "liveview-native-swiftui-mapkit" */ = {
			isa = XCRemoteSwiftPackageReference;
			repositoryURL = "https://github.com/liveview-native/liveview-native-swiftui-mapkit";
			requirement = {
				kind = exactVersion;
				version = 0.3.0;
			};
		};
		00C48D4A2C6559BF002B23FF /* XCRemoteSwiftPackageReference "liveview-native-swiftui-charts" */ = {
			isa = XCRemoteSwiftPackageReference;
			repositoryURL = "https://github.com/liveview-native/liveview-native-swiftui-charts";
			requirement = {
				kind = exactVersion;
				version = 0.3.0;
			};
		};
		00C48D5B2C6BBA58002B23FF /* XCRemoteSwiftPackageReference "liveview-native-live-form" */ = {
			isa = XCRemoteSwiftPackageReference;
			repositoryURL = "https://github.com/liveview-native/liveview-native-live-form";
			requirement = {
				kind = exactVersion;
				version = 0.3.0;
			};
		};
		00CB96302C62886500ADBF08 /* XCRemoteSwiftPackageReference "liveview-native-swiftui-avkit" */ = {
			isa = XCRemoteSwiftPackageReference;
			repositoryURL = "https://github.com/liveview-native/liveview-native-swiftui-avkit";
			requirement = {
				kind = exactVersion;
				version = 0.3.0;
			};
		};
/* End XCRemoteSwiftPackageReference section */

/* Begin XCSwiftPackageProductDependency section */
		00242EF72C6E516500CC972C /* LiveViewNativeAVKit */ = {
			isa = XCSwiftPackageProductDependency;
			package = 00CB96302C62886500ADBF08 /* XCRemoteSwiftPackageReference "liveview-native-swiftui-avkit" */;
			productName = LiveViewNativeAVKit;
		};
		00242EF92C6E516500CC972C /* LiveViewNative */ = {
			isa = XCSwiftPackageProductDependency;
			package = 00C48D422C65599B002B23FF /* XCRemoteSwiftPackageReference "liveview-client-swiftui" */;
			productName = LiveViewNative;
		};
		00242EFB2C6E516500CC972C /* LiveViewNativeMapKit */ = {
			isa = XCSwiftPackageProductDependency;
			package = 00C48D472C6559AA002B23FF /* XCRemoteSwiftPackageReference "liveview-native-swiftui-mapkit" */;
			productName = LiveViewNativeMapKit;
		};
		00242EFD2C6E516500CC972C /* LiveViewNativeCharts */ = {
			isa = XCSwiftPackageProductDependency;
			package = 00C48D4A2C6559BF002B23FF /* XCRemoteSwiftPackageReference "liveview-native-swiftui-charts" */;
			productName = LiveViewNativeCharts;
		};
		00242EFF2C6E516500CC972C /* LiveViewNativeLiveForm */ = {
			isa = XCSwiftPackageProductDependency;
			package = 00C48D5B2C6BBA58002B23FF /* XCRemoteSwiftPackageReference "liveview-native-live-form" */;
			productName = LiveViewNativeLiveForm;
		};
		00C48D5C2C6BBA58002B23FF /* LiveViewNativeLiveForm */ = {
			isa = XCSwiftPackageProductDependency;
			package = 00C48D5B2C6BBA58002B23FF /* XCRemoteSwiftPackageReference "liveview-native-live-form" */;
			productName = LiveViewNativeLiveForm;
		};
		00C48D5F2C6BBA60002B23FF /* LiveViewNativeAVKit */ = {
			isa = XCSwiftPackageProductDependency;
			package = 00CB96302C62886500ADBF08 /* XCRemoteSwiftPackageReference "liveview-native-swiftui-avkit" */;
			productName = LiveViewNativeAVKit;
		};
		00C48D612C6BBA60002B23FF /* LiveViewNative */ = {
			isa = XCSwiftPackageProductDependency;
			package = 00C48D422C65599B002B23FF /* XCRemoteSwiftPackageReference "liveview-client-swiftui" */;
			productName = LiveViewNative;
		};
		00C48D632C6BBA60002B23FF /* LiveViewNativeMapKit */ = {
			isa = XCSwiftPackageProductDependency;
			package = 00C48D472C6559AA002B23FF /* XCRemoteSwiftPackageReference "liveview-native-swiftui-mapkit" */;
			productName = LiveViewNativeMapKit;
		};
		00C48D652C6BBA60002B23FF /* LiveViewNativeCharts */ = {
			isa = XCSwiftPackageProductDependency;
			package = 00C48D4A2C6559BF002B23FF /* XCRemoteSwiftPackageReference "liveview-native-swiftui-charts" */;
			productName = LiveViewNativeCharts;
		};
/* End XCSwiftPackageProductDependency section */
	};
	rootObject = 000C92652BB30EDD00E553D4 /* Project object */;
}
